
Microsoft Visual Studio Solution File, Format Version 12.00
# Visual Studio Version 17
VisualStudioVersion = 17.8.34309.116
MinimumVisualStudioVersion = 10.0.40219.1
Project("{2150E333-8FDC-42A3-9474-1A3956D46DE8}") = "Src", "Src", "{9880E4E8-85C1-4ADB-BA3F-EF78CE8C8D43}"
EndProject
Project("{2150E333-8FDC-42A3-9474-1A3956D46DE8}") = "Core", "Core", "{07BBDC2A-762B-4C3C-818A-2F63D31759CD}"
EndProject
Project("{2150E333-8FDC-42A3-9474-1A3956D46DE8}") = "Infrastructure", "Infrastructure", "{76AC47DC-402D-4B41-B55E-BB6AD11FC0E2}"
EndProject
Project("{2150E333-8FDC-42A3-9474-1A3956D46DE8}") = "Endpoint", "Endpoint", "{E2D74D18-B9F8-4C2E-A7D7-483C99BA592B}"
EndProject
Project("{9A19103F-16F7-4668-BE54-9A1E7A4F7556}") = "SIMA.Domain", "Src\Core\SIMA.Domain\SIMA.Domain.csproj", "{8D53AD04-3781-4E1B-8F9B-281986654AD3}"
EndProject
Project("{2150E333-8FDC-42A3-9474-1A3956D46DE8}") = "Application", "Application", "{CF51B8E6-7DE4-47E7-AD00-2091748D99D6}"
EndProject
Project("{9A19103F-16F7-4668-BE54-9A1E7A4F7556}") = "SIMA.Application", "Src\Application\SIMA.Application\SIMA.Application.csproj", "{1BCCE6F0-0F45-4028-A4F5-6FB68E1386FA}"
EndProject
Project("{9A19103F-16F7-4668-BE54-9A1E7A4F7556}") = "SIMA.Application.Query", "Src\Application\SIMA.Application.Query\SIMA.Application.Query.csproj", "{7BECCAE4-5489-4D47-BC4E-DCBA3F39400F}"
EndProject
Project("{9A19103F-16F7-4668-BE54-9A1E7A4F7556}") = "SIMA.Application.Query.Contract", "Src\Application\SIMA.Application.Query.Contract\SIMA.Application.Query.Contract.csproj", "{A6274434-D56F-44BE-B44B-D1C30FAB35BC}"
EndProject
Project("{9A19103F-16F7-4668-BE54-9A1E7A4F7556}") = "SIMA.Persistance", "Src\Infrastructure\SIMA.Persistance\SIMA.Persistance.csproj", "{65E1BB30-E79D-4787-9D9D-830E128C6760}"
EndProject
Project("{9A19103F-16F7-4668-BE54-9A1E7A4F7556}") = "SIMA.Persistance.Read", "Src\Infrastructure\SIMA.Persistance.Read\SIMA.Persistance.Read.csproj", "{281CCBF7-D5A4-476A-AADE-CA491AE9462D}"
EndProject
Project("{9A19103F-16F7-4668-BE54-9A1E7A4F7556}") = "SIMA.WebApi", "Src\Endpoint\SIMA.WebApi\SIMA.WebApi.csproj", "{411FC5C1-2B51-4196-9627-ECDB9C5C2B98}"
EndProject
Project("{9A19103F-16F7-4668-BE54-9A1E7A4F7556}") = "SIMA.Application.Contract", "Src\Application\SIMA.Application.Contract\SIMA.Application.Contract.csproj", "{9A5CD073-2513-48CF-BA87-9DD3B6EA4A3D}"
EndProject
Project("{9A19103F-16F7-4668-BE54-9A1E7A4F7556}") = "SIMA.DomainService", "Src\Core\SIMA.DomainService\SIMA.DomainService.csproj", "{B732C3EB-A6D8-49C8-BB46-704C0C65E096}"
EndProject
Project("{2150E333-8FDC-42A3-9474-1A3956D46DE8}") = "Document", "Document", "{D3E5414D-894A-4FFB-B7C7-16BD1F358877}"
	ProjectSection(SolutionItems) = preProject
		Sccaffold.txt = Sccaffold.txt
	EndProjectSection
EndProject
Project("{9A19103F-16F7-4668-BE54-9A1E7A4F7556}") = "SIMA.LicenseKeyGenerator", "SIMA.LicenseKeyGenerator\SIMA.LicenseKeyGenerator.csproj", "{F409D6EF-F7A1-4819-9B88-D2C33633ABBE}"
EndProject
Project("{9A19103F-16F7-4668-BE54-9A1E7A4F7556}") = "SIMA.Resources", "SIMA.Resources\SIMA.Resources.csproj", "{17516A77-3D55-4DE4-9A83-293A676E463D}"
EndProject
Global
	GlobalSection(SolutionConfigurationPlatforms) = preSolution
		Debug|Any CPU = Debug|Any CPU
		Release|Any CPU = Release|Any CPU
	EndGlobalSection
	GlobalSection(ProjectConfigurationPlatforms) = postSolution
		{8D53AD04-3781-4E1B-8F9B-281986654AD3}.Debug|Any CPU.ActiveCfg = Debug|Any CPU
		{8D53AD04-3781-4E1B-8F9B-281986654AD3}.Debug|Any CPU.Build.0 = Debug|Any CPU
		{8D53AD04-3781-4E1B-8F9B-281986654AD3}.Release|Any CPU.ActiveCfg = Release|Any CPU
		{8D53AD04-3781-4E1B-8F9B-281986654AD3}.Release|Any CPU.Build.0 = Release|Any CPU
		{1BCCE6F0-0F45-4028-A4F5-6FB68E1386FA}.Debug|Any CPU.ActiveCfg = Debug|Any CPU
		{1BCCE6F0-0F45-4028-A4F5-6FB68E1386FA}.Debug|Any CPU.Build.0 = Debug|Any CPU
		{1BCCE6F0-0F45-4028-A4F5-6FB68E1386FA}.Release|Any CPU.ActiveCfg = Release|Any CPU
		{1BCCE6F0-0F45-4028-A4F5-6FB68E1386FA}.Release|Any CPU.Build.0 = Release|Any CPU
		{7BECCAE4-5489-4D47-BC4E-DCBA3F39400F}.Debug|Any CPU.ActiveCfg = Debug|Any CPU
		{7BECCAE4-5489-4D47-BC4E-DCBA3F39400F}.Debug|Any CPU.Build.0 = Debug|Any CPU
		{7BECCAE4-5489-4D47-BC4E-DCBA3F39400F}.Release|Any CPU.ActiveCfg = Release|Any CPU
		{7BECCAE4-5489-4D47-BC4E-DCBA3F39400F}.Release|Any CPU.Build.0 = Release|Any CPU
		{A6274434-D56F-44BE-B44B-D1C30FAB35BC}.Debug|Any CPU.ActiveCfg = Debug|Any CPU
		{A6274434-D56F-44BE-B44B-D1C30FAB35BC}.Debug|Any CPU.Build.0 = Debug|Any CPU
		{A6274434-D56F-44BE-B44B-D1C30FAB35BC}.Release|Any CPU.ActiveCfg = Release|Any CPU
		{A6274434-D56F-44BE-B44B-D1C30FAB35BC}.Release|Any CPU.Build.0 = Release|Any CPU
		{65E1BB30-E79D-4787-9D9D-830E128C6760}.Debug|Any CPU.ActiveCfg = Debug|Any CPU
		{65E1BB30-E79D-4787-9D9D-830E128C6760}.Debug|Any CPU.Build.0 = Debug|Any CPU
		{65E1BB30-E79D-4787-9D9D-830E128C6760}.Release|Any CPU.ActiveCfg = Release|Any CPU
		{65E1BB30-E79D-4787-9D9D-830E128C6760}.Release|Any CPU.Build.0 = Release|Any CPU
		{281CCBF7-D5A4-476A-AADE-CA491AE9462D}.Debug|Any CPU.ActiveCfg = Debug|Any CPU
		{281CCBF7-D5A4-476A-AADE-CA491AE9462D}.Debug|Any CPU.Build.0 = Debug|Any CPU
		{281CCBF7-D5A4-476A-AADE-CA491AE9462D}.Release|Any CPU.ActiveCfg = Release|Any CPU
		{281CCBF7-D5A4-476A-AADE-CA491AE9462D}.Release|Any CPU.Build.0 = Release|Any CPU
		{411FC5C1-2B51-4196-9627-ECDB9C5C2B98}.Debug|Any CPU.ActiveCfg = Debug|Any CPU
		{411FC5C1-2B51-4196-9627-ECDB9C5C2B98}.Debug|Any CPU.Build.0 = Debug|Any CPU
		{411FC5C1-2B51-4196-9627-ECDB9C5C2B98}.Release|Any CPU.ActiveCfg = Release|Any CPU
		{411FC5C1-2B51-4196-9627-ECDB9C5C2B98}.Release|Any CPU.Build.0 = Release|Any CPU
		{9A5CD073-2513-48CF-BA87-9DD3B6EA4A3D}.Debug|Any CPU.ActiveCfg = Debug|Any CPU
		{9A5CD073-2513-48CF-BA87-9DD3B6EA4A3D}.Debug|Any CPU.Build.0 = Debug|Any CPU
		{9A5CD073-2513-48CF-BA87-9DD3B6EA4A3D}.Release|Any CPU.ActiveCfg = Release|Any CPU
		{9A5CD073-2513-48CF-BA87-9DD3B6EA4A3D}.Release|Any CPU.Build.0 = Release|Any CPU
		{B732C3EB-A6D8-49C8-BB46-704C0C65E096}.Debug|Any CPU.ActiveCfg = Debug|Any CPU
		{B732C3EB-A6D8-49C8-BB46-704C0C65E096}.Debug|Any CPU.Build.0 = Debug|Any CPU
		{B732C3EB-A6D8-49C8-BB46-704C0C65E096}.Release|Any CPU.ActiveCfg = Release|Any CPU
		{B732C3EB-A6D8-49C8-BB46-704C0C65E096}.Release|Any CPU.Build.0 = Release|Any CPU
		{F409D6EF-F7A1-4819-9B88-D2C33633ABBE}.Debug|Any CPU.ActiveCfg = Debug|Any CPU
		{F409D6EF-F7A1-4819-9B88-D2C33633ABBE}.Debug|Any CPU.Build.0 = Debug|Any CPU
		{F409D6EF-F7A1-4819-9B88-D2C33633ABBE}.Release|Any CPU.ActiveCfg = Release|Any CPU
		{F409D6EF-F7A1-4819-9B88-D2C33633ABBE}.Release|Any CPU.Build.0 = Release|Any CPU
		{17516A77-3D55-4DE4-9A83-293A676E463D}.Debug|Any CPU.ActiveCfg = Debug|Any CPU
		{17516A77-3D55-4DE4-9A83-293A676E463D}.Debug|Any CPU.Build.0 = Debug|Any CPU
		{17516A77-3D55-4DE4-9A83-293A676E463D}.Release|Any CPU.ActiveCfg = Release|Any CPU
		{17516A77-3D55-4DE4-9A83-293A676E463D}.Release|Any CPU.Build.0 = Release|Any CPU
	EndGlobalSection
	GlobalSection(SolutionProperties) = preSolution
		HideSolutionNode = FALSE
	EndGlobalSection
	GlobalSection(NestedProjects) = preSolution
		{07BBDC2A-762B-4C3C-818A-2F63D31759CD} = {9880E4E8-85C1-4ADB-BA3F-EF78CE8C8D43}
		{76AC47DC-402D-4B41-B55E-BB6AD11FC0E2} = {9880E4E8-85C1-4ADB-BA3F-EF78CE8C8D43}
		{E2D74D18-B9F8-4C2E-A7D7-483C99BA592B} = {9880E4E8-85C1-4ADB-BA3F-EF78CE8C8D43}
		{8D53AD04-3781-4E1B-8F9B-281986654AD3} = {07BBDC2A-762B-4C3C-818A-2F63D31759CD}
		{CF51B8E6-7DE4-47E7-AD00-2091748D99D6} = {9880E4E8-85C1-4ADB-BA3F-EF78CE8C8D43}
		{1BCCE6F0-0F45-4028-A4F5-6FB68E1386FA} = {CF51B8E6-7DE4-47E7-AD00-2091748D99D6}
		{7BECCAE4-5489-4D47-BC4E-DCBA3F39400F} = {CF51B8E6-7DE4-47E7-AD00-2091748D99D6}
		{A6274434-D56F-44BE-B44B-D1C30FAB35BC} = {CF51B8E6-7DE4-47E7-AD00-2091748D99D6}
		{65E1BB30-E79D-4787-9D9D-830E128C6760} = {76AC47DC-402D-4B41-B55E-BB6AD11FC0E2}
		{281CCBF7-D5A4-476A-AADE-CA491AE9462D} = {76AC47DC-402D-4B41-B55E-BB6AD11FC0E2}
		{411FC5C1-2B51-4196-9627-ECDB9C5C2B98} = {E2D74D18-B9F8-4C2E-A7D7-483C99BA592B}
		{9A5CD073-2513-48CF-BA87-9DD3B6EA4A3D} = {CF51B8E6-7DE4-47E7-AD00-2091748D99D6}
		{B732C3EB-A6D8-49C8-BB46-704C0C65E096} = {07BBDC2A-762B-4C3C-818A-2F63D31759CD}
		{F409D6EF-F7A1-4819-9B88-D2C33633ABBE} = {E2D74D18-B9F8-4C2E-A7D7-483C99BA592B}
		{17516A77-3D55-4DE4-9A83-293A676E463D} = {07BBDC2A-762B-4C3C-818A-2F63D31759CD}
	EndGlobalSection
	GlobalSection(ExtensibilityGlobals) = postSolution
		SolutionGuid = {877E7345-024C-410C-B229-5434754B84C8}
	EndGlobalSection
EndGlobal
